
Microsoft Visual Studio Solution File, Format Version 12.00
# Visual Studio 2012
Project("{FAE04EC0-301F-11D3-BF4B-00C04F79EFBC}") = "GMATPrepHelper", "GMATPrepHelper\GMATPrepHelper.csproj", "{FD7E8A11-5FEF-4BA8-BA08-BEDB27693D6B}"
EndProject
Project("{FAE04EC0-301F-11D3-BF4B-00C04F79EFBC}") = "GMATPrepHelper.Tests", "GMATPrepHelper.Tests\GMATPrepHelper.Tests.csproj", "{0E6B5CB2-6833-43E4-8446-5E355466C801}"
EndProject
Global
	GlobalSection(SolutionConfigurationPlatforms) = preSolution
		Debug|Any CPU = Debug|Any CPU
		Release|Any CPU = Release|Any CPU
	EndGlobalSection
	GlobalSection(ProjectConfigurationPlatforms) = postSolution
		{FD7E8A11-5FEF-4BA8-BA08-BEDB27693D6B}.Debug|Any CPU.ActiveCfg = Debug|Any CPU
		{FD7E8A11-5FEF-4BA8-BA08-BEDB27693D6B}.Debug|Any CPU.Build.0 = Debug|Any CPU
		{FD7E8A11-5FEF-4BA8-BA08-BEDB27693D6B}.Release|Any CPU.ActiveCfg = Release|Any CPU
		{FD7E8A11-5FEF-4BA8-BA08-BEDB27693D6B}.Release|Any CPU.Build.0 = Release|Any CPU
		{0E6B5CB2-6833-43E4-8446-5E355466C801}.Debug|Any CPU.ActiveCfg = Debug|Any CPU
		{0E6B5CB2-6833-43E4-8446-5E355466C801}.Debug|Any CPU.Build.0 = Debug|Any CPU
		{0E6B5CB2-6833-43E4-8446-5E355466C801}.Release|Any CPU.ActiveCfg = Release|Any CPU
		{0E6B5CB2-6833-43E4-8446-5E355466C801}.Release|Any CPU.Build.0 = Release|Any CPU
	EndGlobalSection
	GlobalSection(SolutionProperties) = preSolution
		HideSolutionNode = FALSE
	EndGlobalSection
EndGlobal
